
Microsoft Visual Studio Solution File, Format Version 12.00
# Visual Studio 2013
VisualStudioVersion = 12.0.21005.1
MinimumVisualStudioVersion = 10.0.40219.1
Project("{FAE04EC0-301F-11D3-BF4B-00C04F79EFBC}") = "Cruder.Core", "Cruder.Core\Cruder.Core.csproj", "{915C4C0A-748E-4AE3-B7AE-F5482DCC4A63}"
EndProject
Project("{2150E333-8FDC-42A3-9474-1A3956D46DE8}") = "Infrastructure", "Infrastructure", "{CDCACABA-411C-4308-9FC9-6581F4BD424E}"
EndProject
Project("{FAE04EC0-301F-11D3-BF4B-00C04F79EFBC}") = "Cruder.Data", "Cruder.Data\Cruder.Data.csproj", "{3FC1A5D4-A487-4E38-BCCA-86D602A09DB0}"
EndProject
Project("{FAE04EC0-301F-11D3-BF4B-00C04F79EFBC}") = "Cruder.Resource", "Cruder.Resource\Cruder.Resource.csproj", "{E92FED8F-6185-4132-91DD-3DA45F20B774}"
EndProject
Project("{FAE04EC0-301F-11D3-BF4B-00C04F79EFBC}") = "Cruder.Web", "Cruder.Web\Cruder.Web.csproj", "{B8C37B48-7219-4FB7-A761-BAFDC18EE747}"
EndProject
Project("{2150E333-8FDC-42A3-9474-1A3956D46DE8}") = ".nuget", ".nuget", "{796FCCC5-AD01-48B5-B34F-FF436EE8582B}"
	ProjectSection(SolutionItems) = preProject
		.nuget\NuGet.Config = .nuget\NuGet.Config
		.nuget\NuGet.exe = .nuget\NuGet.exe
		.nuget\NuGet.targets = .nuget\NuGet.targets
	EndProjectSection
EndProject
Project("{2150E333-8FDC-42A3-9474-1A3956D46DE8}") = "Solution Items", "Solution Items", "{581C3E40-4777-4313-8B52-EF9AC86DEBDD}"
	ProjectSection(SolutionItems) = preProject
		LICENSE = LICENSE
	EndProjectSection
EndProject
Global
	GlobalSection(SolutionConfigurationPlatforms) = preSolution
		Debug|Any CPU = Debug|Any CPU
		Release|Any CPU = Release|Any CPU
	EndGlobalSection
	GlobalSection(ProjectConfigurationPlatforms) = postSolution
		{915C4C0A-748E-4AE3-B7AE-F5482DCC4A63}.Debug|Any CPU.ActiveCfg = Debug|Any CPU
		{915C4C0A-748E-4AE3-B7AE-F5482DCC4A63}.Debug|Any CPU.Build.0 = Debug|Any CPU
		{915C4C0A-748E-4AE3-B7AE-F5482DCC4A63}.Release|Any CPU.ActiveCfg = Release|Any CPU
		{915C4C0A-748E-4AE3-B7AE-F5482DCC4A63}.Release|Any CPU.Build.0 = Release|Any CPU
		{3FC1A5D4-A487-4E38-BCCA-86D602A09DB0}.Debug|Any CPU.ActiveCfg = Debug|Any CPU
		{3FC1A5D4-A487-4E38-BCCA-86D602A09DB0}.Debug|Any CPU.Build.0 = Debug|Any CPU
		{3FC1A5D4-A487-4E38-BCCA-86D602A09DB0}.Release|Any CPU.ActiveCfg = Release|Any CPU
		{3FC1A5D4-A487-4E38-BCCA-86D602A09DB0}.Release|Any CPU.Build.0 = Release|Any CPU
		{E92FED8F-6185-4132-91DD-3DA45F20B774}.Debug|Any CPU.ActiveCfg = Debug|Any CPU
		{E92FED8F-6185-4132-91DD-3DA45F20B774}.Debug|Any CPU.Build.0 = Debug|Any CPU
		{E92FED8F-6185-4132-91DD-3DA45F20B774}.Release|Any CPU.ActiveCfg = Release|Any CPU
		{E92FED8F-6185-4132-91DD-3DA45F20B774}.Release|Any CPU.Build.0 = Release|Any CPU
		{B8C37B48-7219-4FB7-A761-BAFDC18EE747}.Debug|Any CPU.ActiveCfg = Debug|Any CPU
		{B8C37B48-7219-4FB7-A761-BAFDC18EE747}.Debug|Any CPU.Build.0 = Debug|Any CPU
		{B8C37B48-7219-4FB7-A761-BAFDC18EE747}.Release|Any CPU.ActiveCfg = Release|Any CPU
		{B8C37B48-7219-4FB7-A761-BAFDC18EE747}.Release|Any CPU.Build.0 = Release|Any CPU
	EndGlobalSection
	GlobalSection(SolutionProperties) = preSolution
		HideSolutionNode = FALSE
	EndGlobalSection
	GlobalSection(NestedProjects) = preSolution
		{915C4C0A-748E-4AE3-B7AE-F5482DCC4A63} = {CDCACABA-411C-4308-9FC9-6581F4BD424E}
		{3FC1A5D4-A487-4E38-BCCA-86D602A09DB0} = {CDCACABA-411C-4308-9FC9-6581F4BD424E}
		{E92FED8F-6185-4132-91DD-3DA45F20B774} = {CDCACABA-411C-4308-9FC9-6581F4BD424E}
		{B8C37B48-7219-4FB7-A761-BAFDC18EE747} = {CDCACABA-411C-4308-9FC9-6581F4BD424E}
	EndGlobalSection
EndGlobal
